
Microsoft Visual Studio Solution File, Format Version 12.00
# Visual Studio Version 16
VisualStudioVersion = 16.0.31613.86
MinimumVisualStudioVersion = 10.0.40219.1
Project("{FAE04EC0-301F-11D3-BF4B-00C04F79EFBC}") = "Miscellaneous_Homework_Code", "Miscellaneous_Homework_Code.csproj", "{626F1CC4-AF42-433D-945C-508D82D98836}"
EndProject
Global
	GlobalSection(SolutionConfigurationPlatforms) = preSolution
		Debug|Any CPU = Debug|Any CPU
		Release|Any CPU = Release|Any CPU
	EndGlobalSection
	GlobalSection(ProjectConfigurationPlatforms) = postSolution
		{626F1CC4-AF42-433D-945C-508D82D98836}.Debug|Any CPU.ActiveCfg = Debug|Any CPU
		{626F1CC4-AF42-433D-945C-508D82D98836}.Debug|Any CPU.Build.0 = Debug|Any CPU
		{626F1CC4-AF42-433D-945C-508D82D98836}.Release|Any CPU.ActiveCfg = Release|Any CPU
		{626F1CC4-AF42-433D-945C-508D82D98836}.Release|Any CPU.Build.0 = Release|Any CPU
	EndGlobalSection
	GlobalSection(SolutionProperties) = preSolution
		HideSolutionNode = FALSE
	EndGlobalSection
	GlobalSection(ExtensibilityGlobals) = postSolution
		SolutionGuid = {AB1806FB-132F-4280-9AFC-66906B4024AC}
	EndGlobalSection
EndGlobal
