
Microsoft Visual Studio Solution File, Format Version 12.00
# Visual Studio Version 16
VisualStudioVersion = 16.0.31613.86
MinimumVisualStudioVersion = 10.0.40219.1
Project("{FAE04EC0-301F-11D3-BF4B-00C04F79EFBC}") = "Sabir_UnitTest_4", "Sabir_UnitTest_4.csproj", "{117BF328-1537-402C-8F76-B932F8DBEA38}"
EndProject
Global
	GlobalSection(SolutionConfigurationPlatforms) = preSolution
		Debug|Any CPU = Debug|Any CPU
		Release|Any CPU = Release|Any CPU
	EndGlobalSection
	GlobalSection(ProjectConfigurationPlatforms) = postSolution
		{117BF328-1537-402C-8F76-B932F8DBEA38}.Debug|Any CPU.ActiveCfg = Debug|Any CPU
		{117BF328-1537-402C-8F76-B932F8DBEA38}.Debug|Any CPU.Build.0 = Debug|Any CPU
		{117BF328-1537-402C-8F76-B932F8DBEA38}.Release|Any CPU.ActiveCfg = Release|Any CPU
		{117BF328-1537-402C-8F76-B932F8DBEA38}.Release|Any CPU.Build.0 = Release|Any CPU
	EndGlobalSection
	GlobalSection(SolutionProperties) = preSolution
		HideSolutionNode = FALSE
	EndGlobalSection
	GlobalSection(ExtensibilityGlobals) = postSolution
		SolutionGuid = {436FE430-C147-4F06-B77A-03012988A3B8}
	EndGlobalSection
EndGlobal
