
Microsoft Visual Studio Solution File, Format Version 12.00
# Visual Studio Version 16
VisualStudioVersion = 16.0.31613.86
MinimumVisualStudioVersion = 10.0.40219.1
Project("{FAE04EC0-301F-11D3-BF4B-00C04F79EFBC}") = "Sabir_PE4_Madelbrot", "Sabir_PE4_Madelbrot.csproj", "{CC9B2E7A-D833-422D-B0F2-0988A69F6238}"
EndProject
Global
	GlobalSection(SolutionConfigurationPlatforms) = preSolution
		Debug|Any CPU = Debug|Any CPU
		Release|Any CPU = Release|Any CPU
	EndGlobalSection
	GlobalSection(ProjectConfigurationPlatforms) = postSolution
		{CC9B2E7A-D833-422D-B0F2-0988A69F6238}.Debug|Any CPU.ActiveCfg = Debug|Any CPU
		{CC9B2E7A-D833-422D-B0F2-0988A69F6238}.Debug|Any CPU.Build.0 = Debug|Any CPU
		{CC9B2E7A-D833-422D-B0F2-0988A69F6238}.Release|Any CPU.ActiveCfg = Release|Any CPU
		{CC9B2E7A-D833-422D-B0F2-0988A69F6238}.Release|Any CPU.Build.0 = Release|Any CPU
	EndGlobalSection
	GlobalSection(SolutionProperties) = preSolution
		HideSolutionNode = FALSE
	EndGlobalSection
	GlobalSection(ExtensibilityGlobals) = postSolution
		SolutionGuid = {26D38A83-4DAC-4F44-B9C6-5F7E4AEC8F98}
	EndGlobalSection
EndGlobal
