
Microsoft Visual Studio Solution File, Format Version 12.00
# Visual Studio Version 16
VisualStudioVersion = 16.0.31613.86
MinimumVisualStudioVersion = 10.0.40219.1
Project("{FAE04EC0-301F-11D3-BF4B-00C04F79EFBC}") = "Crash_TestFile", "Crash_TestFile.csproj", "{DE38DCE5-772A-4EE4-9DF6-1922E8C0B27B}"
EndProject
Global
	GlobalSection(SolutionConfigurationPlatforms) = preSolution
		Debug|Any CPU = Debug|Any CPU
		Release|Any CPU = Release|Any CPU
	EndGlobalSection
	GlobalSection(ProjectConfigurationPlatforms) = postSolution
		{DE38DCE5-772A-4EE4-9DF6-1922E8C0B27B}.Debug|Any CPU.ActiveCfg = Debug|Any CPU
		{DE38DCE5-772A-4EE4-9DF6-1922E8C0B27B}.Debug|Any CPU.Build.0 = Debug|Any CPU
		{DE38DCE5-772A-4EE4-9DF6-1922E8C0B27B}.Release|Any CPU.ActiveCfg = Release|Any CPU
		{DE38DCE5-772A-4EE4-9DF6-1922E8C0B27B}.Release|Any CPU.Build.0 = Release|Any CPU
	EndGlobalSection
	GlobalSection(SolutionProperties) = preSolution
		HideSolutionNode = FALSE
	EndGlobalSection
	GlobalSection(ExtensibilityGlobals) = postSolution
		SolutionGuid = {92620F5A-5018-4E9F-A6C8-45198E0938B6}
	EndGlobalSection
EndGlobal
