
Microsoft Visual Studio Solution File, Format Version 12.00
# Visual Studio Version 16
VisualStudioVersion = 16.0.31613.86
MinimumVisualStudioVersion = 10.0.40219.1
Project("{FAE04EC0-301F-11D3-BF4B-00C04F79EFBC}") = "Sabir_PE8", "Sabir_PE8.csproj", "{43FAF93C-6F58-40F4-8B97-368D0828B5CA}"
EndProject
Global
	GlobalSection(SolutionConfigurationPlatforms) = preSolution
		Debug|Any CPU = Debug|Any CPU
		Release|Any CPU = Release|Any CPU
	EndGlobalSection
	GlobalSection(ProjectConfigurationPlatforms) = postSolution
		{43FAF93C-6F58-40F4-8B97-368D0828B5CA}.Debug|Any CPU.ActiveCfg = Debug|Any CPU
		{43FAF93C-6F58-40F4-8B97-368D0828B5CA}.Debug|Any CPU.Build.0 = Debug|Any CPU
		{43FAF93C-6F58-40F4-8B97-368D0828B5CA}.Release|Any CPU.ActiveCfg = Release|Any CPU
		{43FAF93C-6F58-40F4-8B97-368D0828B5CA}.Release|Any CPU.Build.0 = Release|Any CPU
	EndGlobalSection
	GlobalSection(SolutionProperties) = preSolution
		HideSolutionNode = FALSE
	EndGlobalSection
	GlobalSection(ExtensibilityGlobals) = postSolution
		SolutionGuid = {E8AE699A-DB1C-4CDB-A047-DDE001ECAD3B}
	EndGlobalSection
EndGlobal
