
Microsoft Visual Studio Solution File, Format Version 12.00
# Visual Studio Version 16
VisualStudioVersion = 16.0.31613.86
MinimumVisualStudioVersion = 10.0.40219.1
Project("{FAE04EC0-301F-11D3-BF4B-00C04F79EFBC}") = "Sabir_PE8_3", "Sabir_PE8_3.csproj", "{9F6F5C21-00D6-4D06-928E-55CE150730BE}"
EndProject
Global
	GlobalSection(SolutionConfigurationPlatforms) = preSolution
		Debug|Any CPU = Debug|Any CPU
		Release|Any CPU = Release|Any CPU
	EndGlobalSection
	GlobalSection(ProjectConfigurationPlatforms) = postSolution
		{9F6F5C21-00D6-4D06-928E-55CE150730BE}.Debug|Any CPU.ActiveCfg = Debug|Any CPU
		{9F6F5C21-00D6-4D06-928E-55CE150730BE}.Debug|Any CPU.Build.0 = Debug|Any CPU
		{9F6F5C21-00D6-4D06-928E-55CE150730BE}.Release|Any CPU.ActiveCfg = Release|Any CPU
		{9F6F5C21-00D6-4D06-928E-55CE150730BE}.Release|Any CPU.Build.0 = Release|Any CPU
	EndGlobalSection
	GlobalSection(SolutionProperties) = preSolution
		HideSolutionNode = FALSE
	EndGlobalSection
	GlobalSection(ExtensibilityGlobals) = postSolution
		SolutionGuid = {5FFCA875-0604-4256-96A9-897176C41DE2}
	EndGlobalSection
EndGlobal
