
Microsoft Visual Studio Solution File, Format Version 12.00
# Visual Studio Version 16
VisualStudioVersion = 16.0.31613.86
MinimumVisualStudioVersion = 10.0.40219.1
Project("{FAE04EC0-301F-11D3-BF4B-00C04F79EFBC}") = "Sabir_PE12_1", "Sabir_PE12_1.csproj", "{CA689DF6-661A-4C42-85CF-616133A6B9E5}"
EndProject
Global
	GlobalSection(SolutionConfigurationPlatforms) = preSolution
		Debug|Any CPU = Debug|Any CPU
		Release|Any CPU = Release|Any CPU
	EndGlobalSection
	GlobalSection(ProjectConfigurationPlatforms) = postSolution
		{CA689DF6-661A-4C42-85CF-616133A6B9E5}.Debug|Any CPU.ActiveCfg = Debug|Any CPU
		{CA689DF6-661A-4C42-85CF-616133A6B9E5}.Debug|Any CPU.Build.0 = Debug|Any CPU
		{CA689DF6-661A-4C42-85CF-616133A6B9E5}.Release|Any CPU.ActiveCfg = Release|Any CPU
		{CA689DF6-661A-4C42-85CF-616133A6B9E5}.Release|Any CPU.Build.0 = Release|Any CPU
	EndGlobalSection
	GlobalSection(SolutionProperties) = preSolution
		HideSolutionNode = FALSE
	EndGlobalSection
	GlobalSection(ExtensibilityGlobals) = postSolution
		SolutionGuid = {DE847AC7-43E6-4E52-9E2F-D6C4B4B3BEFB}
	EndGlobalSection
EndGlobal
